// !$*UTF8*$!
{
	archiveVersion = 1;
	classes = {
	};
	objectVersion = 46;
	objects = {

/* Begin PBXBuildFile section */
		913AB9931A4EB7F500A23C40 /* AppDelegate.swift in Sources */ = {isa = PBXBuildFile; fileRef = 913AB9921A4EB7F500A23C40 /* AppDelegate.swift */; };
		913AB9951A4EB7F500A23C40 /* ViewController.swift in Sources */ = {isa = PBXBuildFile; fileRef = 913AB9941A4EB7F500A23C40 /* ViewController.swift */; };
		913AB9981A4EB7F500A23C40 /* Main.storyboard in Resources */ = {isa = PBXBuildFile; fileRef = 913AB9961A4EB7F500A23C40 /* Main.storyboard */; };
		913AB99A1A4EB7F500A23C40 /* Images.xcassets in Resources */ = {isa = PBXBuildFile; fileRef = 913AB9991A4EB7F500A23C40 /* Images.xcassets */; };
		913AB99D1A4EB7F500A23C40 /* LaunchScreen.xib in Resources */ = {isa = PBXBuildFile; fileRef = 913AB99B1A4EB7F500A23C40 /* LaunchScreen.xib */; };
		913AB9A91A4EB7F500A23C40 /* AnimationColorsTests.swift in Sources */ = {isa = PBXBuildFile; fileRef = 913AB9A81A4EB7F500A23C40 /* AnimationColorsTests.swift */; };
/* End PBXBuildFile section */

/* Begin PBXContainerItemProxy section */
		913AB9A31A4EB7F500A23C40 /* PBXContainerItemProxy */ = {
			isa = PBXContainerItemProxy;
			containerPortal = 913AB9851A4EB7F500A23C40 /* Project object */;
			proxyType = 1;
			remoteGlobalIDString = 913AB98C1A4EB7F500A23C40;
			remoteInfo = AnimationColors;
		};
/* End PBXContainerItemProxy section */

/* Begin PBXFileReference section */
		913AB98D1A4EB7F500A23C40 /* AnimationColors.app */ = {isa = PBXFileReference; explicitFileType = wrapper.application; includeInIndex = 0; path = AnimationColors.app; sourceTree = BUILT_PRODUCTS_DIR; };
		913AB9911A4EB7F500A23C40 /* Info.plist */ = {isa = PBXFileReference; lastKnownFileType = text.plist.xml; path = Info.plist; sourceTree = "<group>"; };
		913AB9921A4EB7F500A23C40 /* AppDelegate.swift */ = {isa = PBXFileReference; lastKnownFileType = sourcecode.swift; path = AppDelegate.swift; sourceTree = "<group>"; };
		913AB9941A4EB7F500A23C40 /* ViewController.swift */ = {isa = PBXFileReference; lastKnownFileType = sourcecode.swift; path = ViewController.swift; sourceTree = "<group>"; };
		913AB9971A4EB7F500A23C40 /* Base */ = {isa = PBXFileReference; lastKnownFileType = file.storyboard; name = Base; path = Base.lproj/Main.storyboard; sourceTree = "<group>"; };
		913AB9991A4EB7F500A23C40 /* Images.xcassets */ = {isa = PBXFileReference; lastKnownFileType = folder.assetcatalog; path = Images.xcassets; sourceTree = "<group>"; };
		913AB99C1A4EB7F500A23C40 /* Base */ = {isa = PBXFileReference; lastKnownFileType = file.xib; name = Base; path = Base.lproj/LaunchScreen.xib; sourceTree = "<group>"; };
		913AB9A21A4EB7F500A23C40 /* AnimationColorsTests.xctest */ = {isa = PBXFileReference; explicitFileType = wrapper.cfbundle; includeInIndex = 0; path = AnimationColorsTests.xctest; sourceTree = BUILT_PRODUCTS_DIR; };
		913AB9A71A4EB7F500A23C40 /* Info.plist */ = {isa = PBXFileReference; lastKnownFileType = text.plist.xml; path = Info.plist; sourceTree = "<group>"; };
		913AB9A81A4EB7F500A23C40 /* AnimationColorsTests.swift */ = {isa = PBXFileReference; lastKnownFileType = sourcecode.swift; path = AnimationColorsTests.swift; sourceTree = "<group>"; };
/* End PBXFileReference section */

/* Begin PBXFrameworksBuildPhase section */
		913AB98A1A4EB7F500A23C40 /* Frameworks */ = {
			isa = PBXFrameworksBuildPhase;
			buildActionMask = 2147483647;
			files = (
			);
			runOnlyForDeploymentPostprocessing = 0;
		};
		913AB99F1A4EB7F500A23C40 /* Frameworks */ = {
			isa = PBXFrameworksBuildPhase;
			buildActionMask = 2147483647;
			files = (
			);
			runOnlyForDeploymentPostprocessing = 0;
		};
/* End PBXFrameworksBuildPhase section */

/* Begin PBXGroup section */
		913AB9841A4EB7F500A23C40 = {
			isa = PBXGroup;
			children = (
				913AB98F1A4EB7F500A23C40 /* AnimationColors */,
				913AB9A51A4EB7F500A23C40 /* AnimationColorsTests */,
				913AB98E1A4EB7F500A23C40 /* Products */,
			);
			sourceTree = "<group>";
		};
		913AB98E1A4EB7F500A23C40 /* Products */ = {
			isa = PBXGroup;
			children = (
				913AB98D1A4EB7F500A23C40 /* AnimationColors.app */,
				913AB9A21A4EB7F500A23C40 /* AnimationColorsTests.xctest */,
			);
			name = Products;
			sourceTree = "<group>";
		};
		913AB98F1A4EB7F500A23C40 /* AnimationColors */ = {
			isa = PBXGroup;
			children = (
				913AB9921A4EB7F500A23C40 /* AppDelegate.swift */,
				913AB9941A4EB7F500A23C40 /* ViewController.swift */,
				913AB9961A4EB7F500A23C40 /* Main.storyboard */,
				913AB9991A4EB7F500A23C40 /* Images.xcassets */,
				913AB99B1A4EB7F500A23C40 /* LaunchScreen.xib */,
				913AB9901A4EB7F500A23C40 /* Supporting Files */,
			);
			path = AnimationColors;
			sourceTree = "<group>";
		};
		913AB9901A4EB7F500A23C40 /* Supporting Files */ = {
			isa = PBXGroup;
			children = (
				913AB9911A4EB7F500A23C40 /* Info.plist */,
			);
			name = "Supporting Files";
			sourceTree = "<group>";
		};
		913AB9A51A4EB7F500A23C40 /* AnimationColorsTests */ = {
			isa = PBXGroup;
			children = (
				913AB9A81A4EB7F500A23C40 /* AnimationColorsTests.swift */,
				913AB9A61A4EB7F500A23C40 /* Supporting Files */,
			);
			path = AnimationColorsTests;
			sourceTree = "<group>";
		};
		913AB9A61A4EB7F500A23C40 /* Supporting Files */ = {
			isa = PBXGroup;
			children = (
				913AB9A71A4EB7F500A23C40 /* Info.plist */,
			);
			name = "Supporting Files";
			sourceTree = "<group>";
		};
/* End PBXGroup section */

/* Begin PBXNativeTarget section */
		913AB98C1A4EB7F500A23C40 /* AnimationColors */ = {
			isa = PBXNativeTarget;
			buildConfigurationList = 913AB9AC1A4EB7F500A23C40 /* Build configuration list for PBXNativeTarget "AnimationColors" */;
			buildPhases = (
				913AB9891A4EB7F500A23C40 /* Sources */,
				913AB98A1A4EB7F500A23C40 /* Frameworks */,
				913AB98B1A4EB7F500A23C40 /* Resources */,
			);
			buildRules = (
			);
			dependencies = (
			);
			name = AnimationColors;
			productName = AnimationColors;
			productReference = 913AB98D1A4EB7F500A23C40 /* AnimationColors.app */;
			productType = "com.apple.product-type.application";
		};
		913AB9A11A4EB7F500A23C40 /* AnimationColorsTests */ = {
			isa = PBXNativeTarget;
			buildConfigurationList = 913AB9AF1A4EB7F500A23C40 /* Build configuration list for PBXNativeTarget "AnimationColorsTests" */;
			buildPhases = (
				913AB99E1A4EB7F500A23C40 /* Sources */,
				913AB99F1A4EB7F500A23C40 /* Frameworks */,
				913AB9A01A4EB7F500A23C40 /* Resources */,
			);
			buildRules = (
			);
			dependencies = (
				913AB9A41A4EB7F500A23C40 /* PBXTargetDependency */,
			);
			name = AnimationColorsTests;
			productName = AnimationColorsTests;
			productReference = 913AB9A21A4EB7F500A23C40 /* AnimationColorsTests.xctest */;
			productType = "com.apple.product-type.bundle.unit-test";
		};
/* End PBXNativeTarget section */

/* Begin PBXProject section */
		913AB9851A4EB7F500A23C40 /* Project object */ = {
			isa = PBXProject;
			attributes = {
				LastUpgradeCheck = 0610;
				ORGANIZATIONNAME = "MNT Developpement";
				TargetAttributes = {
					913AB98C1A4EB7F500A23C40 = {
						CreatedOnToolsVersion = 6.1.1;
					};
					913AB9A11A4EB7F500A23C40 = {
						CreatedOnToolsVersion = 6.1.1;
						TestTargetID = 913AB98C1A4EB7F500A23C40;
					};
				};
			};
			buildConfigurationList = 913AB9881A4EB7F500A23C40 /* Build configuration list for PBXProject "AnimationColors" */;
			compatibilityVersion = "Xcode 3.2";
			developmentRegion = English;
			hasScannedForEncodings = 0;
			knownRegions = (
				en,
				Base,
			);
			mainGroup = 913AB9841A4EB7F500A23C40;
			productRefGroup = 913AB98E1A4EB7F500A23C40 /* Products */;
			projectDirPath = "";
			projectRoot = "";
			targets = (
				913AB98C1A4EB7F500A23C40 /* AnimationColors */,
				913AB9A11A4EB7F500A23C40 /* AnimationColorsTests */,
			);
		};
/* End PBXProject section */

/* Begin PBXResourcesBuildPhase section */
		913AB98B1A4EB7F500A23C40 /* Resources */ = {
			isa = PBXResourcesBuildPhase;
			buildActionMask = 2147483647;
			files = (
				913AB9981A4EB7F500A23C40 /* Main.storyboard in Resources */,
				913AB99D1A4EB7F500A23C40 /* LaunchScreen.xib in Resources */,
				913AB99A1A4EB7F500A23C40 /* Images.xcassets in Resources */,
			);
			runOnlyForDeploymentPostprocessing = 0;
		};
		913AB9A01A4EB7F500A23C40 /* Resources */ = {
			isa = PBXResourcesBuildPhase;
			buildActionMask = 2147483647;
			files = (
			);
			runOnlyForDeploymentPostprocessing = 0;
		};
/* End PBXResourcesBuildPhase section */

/* Begin PBXSourcesBuildPhase section */
		913AB9891A4EB7F500A23C40 /* Sources */ = {
			isa = PBXSourcesBuildPhase;
			buildActionMask = 2147483647;
			files = (
				913AB9951A4EB7F500A23C40 /* ViewController.swift in Sources */,
				913AB9931A4EB7F500A23C40 /* AppDelegate.swift in Sources */,
			);
			runOnlyForDeploymentPostprocessing = 0;
		};
		913AB99E1A4EB7F500A23C40 /* Sources */ = {
			isa = PBXSourcesBuildPhase;
			buildActionMask = 2147483647;
			files = (
				913AB9A91A4EB7F500A23C40 /* AnimationColorsTests.swift in Sources */,
			);
			runOnlyForDeploymentPostprocessing = 0;
		};
/* End PBXSourcesBuildPhase section */

/* Begin PBXTargetDependency section */
		913AB9A41A4EB7F500A23C40 /* PBXTargetDependency */ = {
			isa = PBXTargetDependency;
			target = 913AB98C1A4EB7F500A23C40 /* AnimationColors */;
			targetProxy = 913AB9A31A4EB7F500A23C40 /* PBXContainerItemProxy */;
		};
/* End PBXTargetDependency section */

/* Begin PBXVariantGroup section */
		913AB9961A4EB7F500A23C40 /* Main.storyboard */ = {
			isa = PBXVariantGroup;
			children = (
				913AB9971A4EB7F500A23C40 /* Base */,
			);
			name = Main.storyboard;
			sourceTree = "<group>";
		};
		913AB99B1A4EB7F500A23C40 /* LaunchScreen.xib */ = {
			isa = PBXVariantGroup;
			children = (
				913AB99C1A4EB7F500A23C40 /* Base */,
			);
			name = LaunchScreen.xib;
			sourceTree = "<group>";
		};
/* End PBXVariantGroup section */

/* Begin XCBuildConfiguration section */
		913AB9AA1A4EB7F500A23C40 /* Debug */ = {
			isa = XCBuildConfiguration;
			buildSettings = {
				ALWAYS_SEARCH_USER_PATHS = NO;
				CLANG_CXX_LANGUAGE_STANDARD = "gnu++0x";
				CLANG_CXX_LIBRARY = "libc++";
				CLANG_ENABLE_MODULES = YES;
				CLANG_ENABLE_OBJC_ARC = YES;
				CLANG_WARN_BOOL_CONVERSION = YES;
				CLANG_WARN_CONSTANT_CONVERSION = YES;
				CLANG_WARN_DIRECT_OBJC_ISA_USAGE = YES_ERROR;
				CLANG_WARN_EMPTY_BODY = YES;
				CLANG_WARN_ENUM_CONVERSION = YES;
				CLANG_WARN_INT_CONVERSION = YES;
				CLANG_WARN_OBJC_ROOT_CLASS = YES_ERROR;
				CLANG_WARN_UNREACHABLE_CODE = YES;
				CLANG_WARN__DUPLICATE_METHOD_MATCH = YES;
				"CODE_SIGN_IDENTITY[sdk=iphoneos*]" = "iPhone Developer";
				COPY_PHASE_STRIP = NO;
				ENABLE_STRICT_OBJC_MSGSEND = YES;
				GCC_C_LANGUAGE_STANDARD = gnu99;
				GCC_DYNAMIC_NO_PIC = NO;
				GCC_OPTIMIZATION_LEVEL = 0;
				GCC_PREPROCESSOR_DEFINITIONS = (
					"DEBUG=1",
					"$(inherited)",
				);
				GCC_SYMBOLS_PRIVATE_EXTERN = NO;
				GCC_WARN_64_TO_32_BIT_CONVERSION = YES;
				GCC_WARN_ABOUT_RETURN_TYPE = YES_ERROR;
				GCC_WARN_UNDECLARED_SELECTOR = YES;
				GCC_WARN_UNINITIALIZED_AUTOS = YES_AGGRESSIVE;
				GCC_WARN_UNUSED_FUNCTION = YES;
				GCC_WARN_UNUSED_VARIABLE = YES;
				IPHONEOS_DEPLOYMENT_TARGET = 8.1;
				MTL_ENABLE_DEBUG_INFO = YES;
				ONLY_ACTIVE_ARCH = YES;
				SDKROOT = iphoneos;
				SWIFT_OPTIMIZATION_LEVEL = "-Onone";
			};
			name = Debug;
		};
		913AB9AB1A4EB7F500A23C40 /* Release */ = {
			isa = XCBuildConfiguration;
			buildSettings = {
				ALWAYS_SEARCH_USER_PATHS = NO;
				CLANG_CXX_LANGUAGE_STANDARD = "gnu++0x";
				CLANG_CXX_LIBRARY = "libc++";
				CLANG_ENABLE_MODULES = YES;
				CLANG_ENABLE_OBJC_ARC = YES;
				CLANG_WARN_BOOL_CONVERSION = YES;
				CLANG_WARN_CONSTANT_CONVERSION = YES;
				CLANG_WARN_DIRECT_OBJC_ISA_USAGE = YES_ERROR;
				CLANG_WARN_EMPTY_BODY = YES;
				CLANG_WARN_ENUM_CONVERSION = YES;
				CLANG_WARN_INT_CONVERSION = YES;
				CLANG_WARN_OBJC_ROOT_CLASS = YES_ERROR;
				CLANG_WARN_UNREACHABLE_CODE = YES;
				CLANG_WARN__DUPLICATE_METHOD_MATCH = YES;
				"CODE_SIGN_IDENTITY[sdk=iphoneos*]" = "iPhone Developer";
				COPY_PHASE_STRIP = YES;
				ENABLE_NS_ASSERTIONS = NO;
				ENABLE_STRICT_OBJC_MSGSEND = YES;
				GCC_C_LANGUAGE_STANDARD = gnu99;
				GCC_WARN_64_TO_32_BIT_CONVERSION = YES;
				GCC_WARN_ABOUT_RETURN_TYPE = YES_ERROR;
				GCC_WARN_UNDECLARED_SELECTOR = YES;
				GCC_WARN_UNINITIALIZED_AUTOS = YES_AGGRESSIVE;
				GCC_WARN_UNUSED_FUNCTION = YES;
				GCC_WARN_UNUSED_VARIABLE = YES;
				IPHONEOS_DEPLOYMENT_TARGET = 8.1;
				MTL_ENABLE_DEBUG_INFO = NO;
				SDKROOT = iphoneos;
				VALIDATE_PRODUCT = YES;
			};
			name = Release;
		};
		913AB9AD1A4EB7F500A23C40 /* Debug */ = {
			isa = XCBuildConfiguration;
			buildSettings = {
				ASSETCATALOG_COMPILER_APPICON_NAME = AppIcon;
				INFOPLIST_FILE = AnimationColors/Info.plist;
				LD_RUNPATH_SEARCH_PATHS = "$(inherited) @executable_path/Frameworks";
				PRODUCT_NAME = "$(TARGET_NAME)";
			};
			name = Debug;
		};
		913AB9AE1A4EB7F500A23C40 /* Release */ = {
			isa = XCBuildConfiguration;
			buildSettings = {
				ASSETCATALOG_COMPILER_APPICON_NAME = AppIcon;
				INFOPLIST_FILE = AnimationColors/Info.plist;
				LD_RUNPATH_SEARCH_PATHS = "$(inherited) @executable_path/Frameworks";
				PRODUCT_NAME = "$(TARGET_NAME)";
			};
			name = Release;
		};
		913AB9B01A4EB7F500A23C40 /* Debug */ = {
			isa = XCBuildConfiguration;
			buildSettings = {
				BUNDLE_LOADER = "$(TEST_HOST)";
				FRAMEWORK_SEARCH_PATHS = (
					"$(SDKROOT)/Developer/Library/Frameworks",
					"$(inherited)",
				);
				GCC_PREPROCESSOR_DEFINITIONS = (
					"DEBUG=1",
					"$(inherited)",
				);
				INFOPLIST_FILE = AnimationColorsTests/Info.plist;
				LD_RUNPATH_SEARCH_PATHS = "$(inherited) @executable_path/Frameworks @loader_path/Frameworks";
				PRODUCT_NAME = "$(TARGET_NAME)";
				TEST_HOST = "$(BUILT_PRODUCTS_DIR)/AnimationColors.app/AnimationColors";
			};
			name = Debug;
		};
		913AB9B11A4EB7F500A23C40 /* Release */ = {
			isa = XCBuildConfiguration;
			buildSettings = {
				BUNDLE_LOADER = "$(TEST_HOST)";
				FRAMEWORK_SEARCH_PATHS = (
					"$(SDKROOT)/Developer/Library/Frameworks",
					"$(inherited)",
				);
				INFOPLIST_FILE = AnimationColorsTests/Info.plist;
				LD_RUNPATH_SEARCH_PATHS = "$(inherited) @executable_path/Frameworks @loader_path/Frameworks";
				PRODUCT_NAME = "$(TARGET_NAME)";
				TEST_HOST = "$(BUILT_PRODUCTS_DIR)/AnimationColors.app/AnimationColors";
			};
			name = Release;
		};
/* End XCBuildConfiguration section */

/* Begin XCConfigurationList section */
		913AB9881A4EB7F500A23C40 /* Build configuration list for PBXProject "AnimationColors" */ = {
			isa = XCConfigurationList;
			buildConfigurations = (
				913AB9AA1A4EB7F500A23C40 /* Debug */,
				913AB9AB1A4EB7F500A23C40 /* Release */,
			);
			defaultConfigurationIsVisible = 0;
			defaultConfigurationName = Release;
		};
		913AB9AC1A4EB7F500A23C40 /* Build configuration list for PBXNativeTarget "AnimationColors" */ = {
			isa = XCConfigurationList;
			buildConfigurations = (
				913AB9AD1A4EB7F500A23C40 /* Debug */,
				913AB9AE1A4EB7F500A23C40 /* Release */,
			);
			defaultConfigurationIsVisible = 0;
		};
		913AB9AF1A4EB7F500A23C40 /* Build configuration list for PBXNativeTarget "AnimationColorsTests" */ = {
			isa = XCConfigurationList;
			buildConfigurations = (
				913AB9B01A4EB7F500A23C40 /* Debug */,
				913AB9B11A4EB7F500A23C40 /* Release */,
			);
			defaultConfigurationIsVisible = 0;
		};
/* End XCConfigurationList section */
	};
	rootObject = 913AB9851A4EB7F500A23C40 /* Project object */;
}
